// !$*UTF8*$!
{
	archiveVersion = 1;
	classes = {
	};
	objectVersion = 46;
	objects = {

/* Begin PBXBuildFile section */
		112D47751CDC798700DE0F97 /* TorrentAdd in Resources */ = {isa = PBXBuildFile; fileRef = 112D47731CDC798700DE0F97 /* TorrentAdd */; };
		112D47781CDC8ECF00DE0F97 /* torrentdownloader.workflow in Resources */ = {isa = PBXBuildFile; fileRef = 112D47771CDC8ECF00DE0F97 /* torrentdownloader.workflow */; };
		113492C41CDADF940041DA61 /* AtomicParsley64 in Resources */ = {isa = PBXBuildFile; fileRef = 113492BA1CDADF940041DA61 /* AtomicParsley64 */; };
		113492C51CDADF940041DA61 /* faac in Resources */ = {isa = PBXBuildFile; fileRef = 113492BB1CDADF940041DA61 /* faac */; };
		113492C61CDADF940041DA61 /* feedchecker.workflow in Resources */ = {isa = PBXBuildFile; fileRef = 113492BC1CDADF940041DA61 /* feedchecker.workflow */; };
		113492C71CDADF940041DA61 /* ffmpeg in Resources */ = {isa = PBXBuildFile; fileRef = 113492BD1CDADF940041DA61 /* ffmpeg */; };
		113492C81CDADF940041DA61 /* mediainfo in Resources */ = {isa = PBXBuildFile; fileRef = 113492BE1CDADF940041DA61 /* mediainfo */; };
		113492C91CDADF940041DA61 /* mkvextract in Resources */ = {isa = PBXBuildFile; fileRef = 113492BF1CDADF940041DA61 /* mkvextract */; };
		113492CA1CDADF940041DA61 /* MP4Box in Resources */ = {isa = PBXBuildFile; fileRef = 113492C01CDADF940041DA61 /* MP4Box */; };
		113492CB1CDADF940041DA61 /* show_list.txt in Resources */ = {isa = PBXBuildFile; fileRef = 113492C11CDADF940041DA61 /* show_list.txt */; };
		113492CC1CDADF940041DA61 /* showart in Resources */ = {isa = PBXBuildFile; fileRef = 113492C21CDADF940041DA61 /* showart */; };
		1142A7051CDC027700A29AF5 /* Processing in Resources */ = {isa = PBXBuildFile; fileRef = 1142A7041CDC027700A29AF5 /* Processing */; };
		1142A7091CDC032C00A29AF5 /* RawStreams in Resources */ = {isa = PBXBuildFile; fileRef = 1142A7081CDC032C00A29AF5 /* RawStreams */; };
		117BF2A31CDD749900BAA3D4 /* aria2c in Resources */ = {isa = PBXBuildFile; fileRef = 117BF2A21CDD749900BAA3D4 /* aria2c */; };
		118262D41D13E9E300E3628B /* Error in Resources */ = {isa = PBXBuildFile; fileRef = 118262D31D13E9E300E3628B /* Error */; };
		11C5E9021CD084DC00450026 /* AppleScriptObjC.framework in Frameworks */ = {isa = PBXBuildFile; fileRef = 11C5E9011CD084DC00450026 /* AppleScriptObjC.framework */; };
		11C5E9061CD084DC00450026 /* main.m in Sources */ = {isa = PBXBuildFile; fileRef = 11C5E9051CD084DC00450026 /* main.m */; };
		11C5E9081CD084DC00450026 /* AppDelegate.applescript in Sources */ = {isa = PBXBuildFile; fileRef = 11C5E9071CD084DC00450026 /* AppDelegate.applescript */; };
		11C5E90A1CD084DC00450026 /* Assets.xcassets in Resources */ = {isa = PBXBuildFile; fileRef = 11C5E9091CD084DC00450026 /* Assets.xcassets */; };
		11C5E90D1CD084DC00450026 /* MainMenu.xib in Resources */ = {isa = PBXBuildFile; fileRef = 11C5E90B1CD084DC00450026 /* MainMenu.xib */; };
		11DC8AFD1CE29EE200E1DEB6 /* Downloading in Resources */ = {isa = PBXBuildFile; fileRef = 11DC8AFB1CE29EE200E1DEB6 /* Downloading */; };
		11DC8AFE1CE29EE200E1DEB6 /* DownloadingComplete in Resources */ = {isa = PBXBuildFile; fileRef = 11DC8AFC1CE29EE200E1DEB6 /* DownloadingComplete */; };
/* End PBXBuildFile section */

/* Begin PBXFileReference section */
		112D47731CDC798700DE0F97 /* TorrentAdd */ = {isa = PBXFileReference; lastKnownFileType = folder; path = TorrentAdd; sourceTree = "<group>"; };
		112D47771CDC8ECF00DE0F97 /* torrentdownloader.workflow */ = {isa = PBXFileReference; lastKnownFileType = wrapper; path = torrentdownloader.workflow; sourceTree = "<group>"; };
		113492BA1CDADF940041DA61 /* AtomicParsley64 */ = {isa = PBXFileReference; lastKnownFileType = "compiled.mach-o.executable"; path = AtomicParsley64; sourceTree = "<group>"; };
		113492BB1CDADF940041DA61 /* faac */ = {isa = PBXFileReference; lastKnownFileType = "compiled.mach-o.executable"; path = faac; sourceTree = "<group>"; };
		113492BC1CDADF940041DA61 /* feedchecker.workflow */ = {isa = PBXFileReference; lastKnownFileType = wrapper; path = feedchecker.workflow; sourceTree = "<group>"; };
		113492BD1CDADF940041DA61 /* ffmpeg */ = {isa = PBXFileReference; lastKnownFileType = "compiled.mach-o.executable"; path = ffmpeg; sourceTree = "<group>"; };
		113492BE1CDADF940041DA61 /* mediainfo */ = {isa = PBXFileReference; lastKnownFileType = "compiled.mach-o.executable"; path = mediainfo; sourceTree = "<group>"; };
		113492BF1CDADF940041DA61 /* mkvextract */ = {isa = PBXFileReference; lastKnownFileType = "compiled.mach-o.executable"; path = mkvextract; sourceTree = "<group>"; };
		113492C01CDADF940041DA61 /* MP4Box */ = {isa = PBXFileReference; lastKnownFileType = "compiled.mach-o.executable"; path = MP4Box; sourceTree = "<group>"; };
		113492C11CDADF940041DA61 /* show_list.txt */ = {isa = PBXFileReference; fileEncoding = 4; lastKnownFileType = text; path = show_list.txt; sourceTree = "<group>"; };
		113492C21CDADF940041DA61 /* showart */ = {isa = PBXFileReference; lastKnownFileType = folder; path = showart; sourceTree = "<group>"; };
		1142A7041CDC027700A29AF5 /* Processing */ = {isa = PBXFileReference; lastKnownFileType = folder; path = Processing; sourceTree = "<group>"; };
		1142A7081CDC032C00A29AF5 /* RawStreams */ = {isa = PBXFileReference; lastKnownFileType = folder; path = RawStreams; sourceTree = "<group>"; };
		117BF2A21CDD749900BAA3D4 /* aria2c */ = {isa = PBXFileReference; lastKnownFileType = "compiled.mach-o.executable"; path = aria2c; sourceTree = "<group>"; };
		118262D31D13E9E300E3628B /* Error */ = {isa = PBXFileReference; lastKnownFileType = folder; path = Error; sourceTree = "<group>"; };
		11C5E8FE1CD084DC00450026 /* Episodes.app */ = {isa = PBXFileReference; explicitFileType = wrapper.application; includeInIndex = 0; path = Episodes.app; sourceTree = BUILT_PRODUCTS_DIR; };
		11C5E9011CD084DC00450026 /* AppleScriptObjC.framework */ = {isa = PBXFileReference; lastKnownFileType = wrapper.framework; name = AppleScriptObjC.framework; path = System/Library/Frameworks/AppleScriptObjC.framework; sourceTree = SDKROOT; };
		11C5E9051CD084DC00450026 /* main.m */ = {isa = PBXFileReference; lastKnownFileType = sourcecode.c.objc; path = main.m; sourceTree = "<group>"; };
		11C5E9071CD084DC00450026 /* AppDelegate.applescript */ = {isa = PBXFileReference; fileEncoding = 4; lastKnownFileType = sourcecode.applescript; path = AppDelegate.applescript; sourceTree = "<group>"; };
		11C5E9091CD084DC00450026 /* Assets.xcassets */ = {isa = PBXFileReference; lastKnownFileType = folder.assetcatalog; path = Assets.xcassets; sourceTree = "<group>"; };
		11C5E90C1CD084DC00450026 /* Base */ = {isa = PBXFileReference; lastKnownFileType = file.xib; name = Base; path = Base.lproj/MainMenu.xib; sourceTree = "<group>"; };
		11C5E90E1CD084DC00450026 /* Info.plist */ = {isa = PBXFileReference; lastKnownFileType = text.plist.xml; path = Info.plist; sourceTree = "<group>"; };
		11DC8AFB1CE29EE200E1DEB6 /* Downloading */ = {isa = PBXFileReference; lastKnownFileType = folder; path = Downloading; sourceTree = "<group>"; };
		11DC8AFC1CE29EE200E1DEB6 /* DownloadingComplete */ = {isa = PBXFileReference; lastKnownFileType = folder; path = DownloadingComplete; sourceTree = "<group>"; };
		11DC8B011CE3144300E1DEB6 /* logo.rsrc */ = {isa = PBXFileReference; lastKnownFileType = archive.rsrc; path = logo.rsrc; sourceTree = "<group>"; };
/* End PBXFileReference section */

/* Begin PBXFrameworksBuildPhase section */
		11C5E8FB1CD084DC00450026 /* Frameworks */ = {
			isa = PBXFrameworksBuildPhase;
			buildActionMask = 2147483647;
			files = (
				11C5E9021CD084DC00450026 /* AppleScriptObjC.framework in Frameworks */,
			);
			runOnlyForDeploymentPostprocessing = 0;
		};
/* End PBXFrameworksBuildPhase section */

/* Begin PBXGroup section */
		11C5E8F51CD084DC00450026 = {
			isa = PBXGroup;
			children = (
				11C5E9031CD084DC00450026 /* Episodes */,
				11C5E9001CD084DC00450026 /* Frameworks */,
				11C5E8FF1CD084DC00450026 /* Products */,
			);
			sourceTree = "<group>";
		};
		11C5E8FF1CD084DC00450026 /* Products */ = {
			isa = PBXGroup;
			children = (
				11C5E8FE1CD084DC00450026 /* Episodes.app */,
			);
			name = Products;
			sourceTree = "<group>";
		};
		11C5E9001CD084DC00450026 /* Frameworks */ = {
			isa = PBXGroup;
			children = (
				11C5E9011CD084DC00450026 /* AppleScriptObjC.framework */,
			);
			name = Frameworks;
			sourceTree = "<group>";
		};
		11C5E9031CD084DC00450026 /* Episodes */ = {
			isa = PBXGroup;
			children = (
				11C5E9071CD084DC00450026 /* AppDelegate.applescript */,
				11C5E9091CD084DC00450026 /* Assets.xcassets */,
				11C5E90B1CD084DC00450026 /* MainMenu.xib */,
				11C5E90E1CD084DC00450026 /* Info.plist */,
				11C5E9041CD084DC00450026 /* Supporting Files */,
			);
			path = Episodes;
			sourceTree = "<group>";
		};
		11C5E9041CD084DC00450026 /* Supporting Files */ = {
			isa = PBXGroup;
			children = (
				117BF2A21CDD749900BAA3D4 /* aria2c */,
				113492BA1CDADF940041DA61 /* AtomicParsley64 */,
				113492BB1CDADF940041DA61 /* faac */,
				113492BC1CDADF940041DA61 /* feedchecker.workflow */,
				113492BD1CDADF940041DA61 /* ffmpeg */,
				113492BE1CDADF940041DA61 /* mediainfo */,
				113492BF1CDADF940041DA61 /* mkvextract */,
				113492C01CDADF940041DA61 /* MP4Box */,
				11DC8B011CE3144300E1DEB6 /* logo.rsrc */,
				118262D31D13E9E300E3628B /* Error */,
				11DC8AFB1CE29EE200E1DEB6 /* Downloading */,
				11DC8AFC1CE29EE200E1DEB6 /* DownloadingComplete */,
				112D47771CDC8ECF00DE0F97 /* torrentdownloader.workflow */,
				113492C11CDADF940041DA61 /* show_list.txt */,
				1142A7041CDC027700A29AF5 /* Processing */,
				1142A7081CDC032C00A29AF5 /* RawStreams */,
				113492C21CDADF940041DA61 /* showart */,
				112D47731CDC798700DE0F97 /* TorrentAdd */,
				11C5E9051CD084DC00450026 /* main.m */,
			);
			name = "Supporting Files";
			sourceTree = "<group>";
		};
/* End PBXGroup section */

/* Begin PBXNativeTarget section */
		11C5E8FD1CD084DC00450026 /* Episodes */ = {
			isa = PBXNativeTarget;
			buildConfigurationList = 11C5E9111CD084DC00450026 /* Build configuration list for PBXNativeTarget "Episodes" */;
			buildPhases = (
				11C5E8FA1CD084DC00450026 /* Sources */,
				11C5E8FB1CD084DC00450026 /* Frameworks */,
				11C5E8FC1CD084DC00450026 /* Resources */,
			);
			buildRules = (
			);
			dependencies = (
			);
			name = Episodes;
			productName = Episodes;
			productReference = 11C5E8FE1CD084DC00450026 /* Episodes.app */;
			productType = "com.apple.product-type.application";
		};
/* End PBXNativeTarget section */

/* Begin PBXProject section */
		11C5E8F61CD084DC00450026 /* Project object */ = {
			isa = PBXProject;
			attributes = {
				LastUpgradeCheck = 0730;
				ORGANIZATIONNAME = "Ryan Keefe";
				TargetAttributes = {
					11C5E8FD1CD084DC00450026 = {
						CreatedOnToolsVersion = 7.3;
					};
				};
			};
			buildConfigurationList = 11C5E8F91CD084DC00450026 /* Build configuration list for PBXProject "Episodes" */;
			compatibilityVersion = "Xcode 3.2";
			developmentRegion = English;
			hasScannedForEncodings = 0;
			knownRegions = (
				en,
				Base,
			);
			mainGroup = 11C5E8F51CD084DC00450026;
			productRefGroup = 11C5E8FF1CD084DC00450026 /* Products */;
			projectDirPath = "";
			projectRoot = "";
			targets = (
				11C5E8FD1CD084DC00450026 /* Episodes */,
			);
		};
/* End PBXProject section */

/* Begin PBXResourcesBuildPhase section */
		11C5E8FC1CD084DC00450026 /* Resources */ = {
			isa = PBXResourcesBuildPhase;
			buildActionMask = 2147483647;
			files = (
				1142A7091CDC032C00A29AF5 /* RawStreams in Resources */,
				112D47751CDC798700DE0F97 /* TorrentAdd in Resources */,
				11C5E90A1CD084DC00450026 /* Assets.xcassets in Resources */,
				1142A7051CDC027700A29AF5 /* Processing in Resources */,
				113492CB1CDADF940041DA61 /* show_list.txt in Resources */,
				113492CC1CDADF940041DA61 /* showart in Resources */,
				11DC8AFE1CE29EE200E1DEB6 /* DownloadingComplete in Resources */,
				113492C81CDADF940041DA61 /* mediainfo in Resources */,
				113492C71CDADF940041DA61 /* ffmpeg in Resources */,
				113492C91CDADF940041DA61 /* mkvextract in Resources */,
				11DC8AFD1CE29EE200E1DEB6 /* Downloading in Resources */,
				112D47781CDC8ECF00DE0F97 /* torrentdownloader.workflow in Resources */,
				113492CA1CDADF940041DA61 /* MP4Box in Resources */,
				113492C41CDADF940041DA61 /* AtomicParsley64 in Resources */,
				11C5E90D1CD084DC00450026 /* MainMenu.xib in Resources */,
				117BF2A31CDD749900BAA3D4 /* aria2c in Resources */,
				113492C51CDADF940041DA61 /* faac in Resources */,
				113492C61CDADF940041DA61 /* feedchecker.workflow in Resources */,
				118262D41D13E9E300E3628B /* Error in Resources */,
			);
			runOnlyForDeploymentPostprocessing = 0;
		};
/* End PBXResourcesBuildPhase section */

/* Begin PBXSourcesBuildPhase section */
		11C5E8FA1CD084DC00450026 /* Sources */ = {
			isa = PBXSourcesBuildPhase;
			buildActionMask = 2147483647;
			files = (
				11C5E9081CD084DC00450026 /* AppDelegate.applescript in Sources */,
				11C5E9061CD084DC00450026 /* main.m in Sources */,
			);
			runOnlyForDeploymentPostprocessing = 0;
		};
/* End PBXSourcesBuildPhase section */

/* Begin PBXVariantGroup section */
		11C5E90B1CD084DC00450026 /* MainMenu.xib */ = {
			isa = PBXVariantGroup;
			children = (
				11C5E90C1CD084DC00450026 /* Base */,
			);
			name = MainMenu.xib;
			sourceTree = "<group>";
		};
/* End PBXVariantGroup section */

/* Begin XCBuildConfiguration section */
		11C5E90F1CD084DC00450026 /* Debug */ = {
			isa = XCBuildConfiguration;
			buildSettings = {
				ALWAYS_SEARCH_USER_PATHS = NO;
				CLANG_ANALYZER_NONNULL = YES;
				CLANG_CXX_LANGUAGE_STANDARD = "gnu++0x";
				CLANG_CXX_LIBRARY = "libc++";
				CLANG_ENABLE_MODULES = YES;
				CLANG_ENABLE_OBJC_ARC = YES;
				CLANG_WARN_BOOL_CONVERSION = YES;
				CLANG_WARN_CONSTANT_CONVERSION = YES;
				CLANG_WARN_DIRECT_OBJC_ISA_USAGE = YES_ERROR;
				CLANG_WARN_EMPTY_BODY = YES;
				CLANG_WARN_ENUM_CONVERSION = YES;
				CLANG_WARN_INT_CONVERSION = YES;
				CLANG_WARN_OBJC_ROOT_CLASS = YES_ERROR;
				CLANG_WARN_UNREACHABLE_CODE = YES;
				CLANG_WARN__DUPLICATE_METHOD_MATCH = YES;
				CODE_SIGN_IDENTITY = "-";
				COPY_PHASE_STRIP = NO;
				DEBUG_INFORMATION_FORMAT = dwarf;
				ENABLE_STRICT_OBJC_MSGSEND = YES;
				ENABLE_TESTABILITY = YES;
				GCC_C_LANGUAGE_STANDARD = gnu99;
				GCC_DYNAMIC_NO_PIC = NO;
				GCC_NO_COMMON_BLOCKS = YES;
				GCC_OPTIMIZATION_LEVEL = 0;
				GCC_PREPROCESSOR_DEFINITIONS = (
					"DEBUG=1",
					"$(inherited)",
				);
				GCC_WARN_64_TO_32_BIT_CONVERSION = YES;
				GCC_WARN_ABOUT_RETURN_TYPE = YES_ERROR;
				GCC_WARN_UNDECLARED_SELECTOR = YES;
				GCC_WARN_UNINITIALIZED_AUTOS = YES_AGGRESSIVE;
				GCC_WARN_UNUSED_FUNCTION = YES;
				GCC_WARN_UNUSED_VARIABLE = YES;
				MACOSX_DEPLOYMENT_TARGET = 10.11;
				MTL_ENABLE_DEBUG_INFO = YES;
				ONLY_ACTIVE_ARCH = YES;
				SDKROOT = macosx;
			};
			name = Debug;
		};
		11C5E9101CD084DC00450026 /* Release */ = {
			isa = XCBuildConfiguration;
			buildSettings = {
				ALWAYS_SEARCH_USER_PATHS = NO;
				CLANG_ANALYZER_NONNULL = YES;
				CLANG_CXX_LANGUAGE_STANDARD = "gnu++0x";
				CLANG_CXX_LIBRARY = "libc++";
				CLANG_ENABLE_MODULES = YES;
				CLANG_ENABLE_OBJC_ARC = YES;
				CLANG_WARN_BOOL_CONVERSION = YES;
				CLANG_WARN_CONSTANT_CONVERSION = YES;
				CLANG_WARN_DIRECT_OBJC_ISA_USAGE = YES_ERROR;
				CLANG_WARN_EMPTY_BODY = YES;
				CLANG_WARN_ENUM_CONVERSION = YES;
				CLANG_WARN_INT_CONVERSION = YES;
				CLANG_WARN_OBJC_ROOT_CLASS = YES_ERROR;
				CLANG_WARN_UNREACHABLE_CODE = YES;
				CLANG_WARN__DUPLICATE_METHOD_MATCH = YES;
				CODE_SIGN_IDENTITY = "-";
				COPY_PHASE_STRIP = NO;
				DEBUG_INFORMATION_FORMAT = "dwarf-with-dsym";
				ENABLE_NS_ASSERTIONS = NO;
				ENABLE_STRICT_OBJC_MSGSEND = YES;
				GCC_C_LANGUAGE_STANDARD = gnu99;
				GCC_NO_COMMON_BLOCKS = YES;
				GCC_WARN_64_TO_32_BIT_CONVERSION = YES;
				GCC_WARN_ABOUT_RETURN_TYPE = YES_ERROR;
				GCC_WARN_UNDECLARED_SELECTOR = YES;
				GCC_WARN_UNINITIALIZED_AUTOS = YES_AGGRESSIVE;
				GCC_WARN_UNUSED_FUNCTION = YES;
				GCC_WARN_UNUSED_VARIABLE = YES;
				MACOSX_DEPLOYMENT_TARGET = 10.11;
				MTL_ENABLE_DEBUG_INFO = NO;
				SDKROOT = macosx;
			};
			name = Release;
		};
		11C5E9121CD084DC00450026 /* Debug */ = {
			isa = XCBuildConfiguration;
			buildSettings = {
				ASSETCATALOG_COMPILER_APPICON_NAME = AppIcon;
				COMBINE_HIDPI_IMAGES = YES;
				INFOPLIST_FILE = Episodes/Info.plist;
				LD_RUNPATH_SEARCH_PATHS = "$(inherited) @executable_path/../Frameworks";
				PRODUCT_BUNDLE_IDENTIFIER = com.ryankeefe.Episodes;
				PRODUCT_NAME = "$(TARGET_NAME)";
			};
			name = Debug;
		};
		11C5E9131CD084DC00450026 /* Release */ = {
			isa = XCBuildConfiguration;
			buildSettings = {
				ASSETCATALOG_COMPILER_APPICON_NAME = AppIcon;
				COMBINE_HIDPI_IMAGES = YES;
				INFOPLIST_FILE = Episodes/Info.plist;
				LD_RUNPATH_SEARCH_PATHS = "$(inherited) @executable_path/../Frameworks";
				PRODUCT_BUNDLE_IDENTIFIER = com.ryankeefe.Episodes;
				PRODUCT_NAME = "$(TARGET_NAME)";
			};
			name = Release;
		};
/* End XCBuildConfiguration section */

/* Begin XCConfigurationList section */
		11C5E8F91CD084DC00450026 /* Build configuration list for PBXProject "Episodes" */ = {
			isa = XCConfigurationList;
			buildConfigurations = (
				11C5E90F1CD084DC00450026 /* Debug */,
				11C5E9101CD084DC00450026 /* Release */,
			);
			defaultConfigurationIsVisible = 0;
			defaultConfigurationName = Release;
		};
		11C5E9111CD084DC00450026 /* Build configuration list for PBXNativeTarget "Episodes" */ = {
			isa = XCConfigurationList;
			buildConfigurations = (
				11C5E9121CD084DC00450026 /* Debug */,
				11C5E9131CD084DC00450026 /* Release */,
			);
			defaultConfigurationIsVisible = 0;
			defaultConfigurationName = Release;
		};
/* End XCConfigurationList section */
	};
	rootObject = 11C5E8F61CD084DC00450026 /* Project object */;
}
